// !$*UTF8*$!
{
	archiveVersion = 1;
	classes = {
	};
	objectVersion = 56;
	objects = {

/* Begin PBXBuildFile section */
		151ECC5C2A7BEAA700A90057 /* Store.swift in Sources */ = {isa = PBXBuildFile; fileRef = 151ECC5B2A7BEAA700A90057 /* Store.swift */; };
		151ECC5E2A7BEAB700A90057 /* Weather.swift in Sources */ = {isa = PBXBuildFile; fileRef = 151ECC5D2A7BEAB700A90057 /* Weather.swift */; };
		151ECCBD2A7C3D8A00A90057 /* AddWeatherViewModel.swift in Sources */ = {isa = PBXBuildFile; fileRef = 151ECCBC2A7C3D8A00A90057 /* AddWeatherViewModel.swift */; };
		151ECCBF2A7C3D9600A90057 /* WeatherViewModel.swift in Sources */ = {isa = PBXBuildFile; fileRef = 151ECCBE2A7C3D9600A90057 /* WeatherViewModel.swift */; };
		151ECCC12A7C3DCB00A90057 /* AddCityView.swift in Sources */ = {isa = PBXBuildFile; fileRef = 151ECCC02A7C3DCB00A90057 /* AddCityView.swift */; };
		151ECCC32A7C3DD600A90057 /* WeatherListView.swift in Sources */ = {isa = PBXBuildFile; fileRef = 151ECCC22A7C3DD600A90057 /* WeatherListView.swift */; };
		151ECCC52A7C3DDD00A90057 /* WeatherCell.swift in Sources */ = {isa = PBXBuildFile; fileRef = 151ECCC42A7C3DDD00A90057 /* WeatherCell.swift */; };
		151ECCC72A7C3E3300A90057 /* Date Extension.swift in Sources */ = {isa = PBXBuildFile; fileRef = 151ECCC62A7C3E3300A90057 /* Date Extension.swift */; };
		151ECCCA2A7C3E4800A90057 /* View + Extension.swift in Sources */ = {isa = PBXBuildFile; fileRef = 151ECCC92A7C3E4800A90057 /* View + Extension.swift */; };
		151ECCCC2A7C3E6700A90057 /* Emoji Extension.swift in Sources */ = {isa = PBXBuildFile; fileRef = 151ECCCB2A7C3E6700A90057 /* Emoji Extension.swift */; };
		151ECCCE2A7C3E9200A90057 /* String + Extension.swift in Sources */ = {isa = PBXBuildFile; fileRef = 151ECCCD2A7C3E9200A90057 /* String + Extension.swift */; };
		151ECCD02A7C3ECB00A90057 /* WeatherService.swift in Sources */ = {isa = PBXBuildFile; fileRef = 151ECCCF2A7C3ECB00A90057 /* WeatherService.swift */; };
		151ECCD22A7C3EF200A90057 /* DeleteAllCitiesView.swift in Sources */ = {isa = PBXBuildFile; fileRef = 151ECCD12A7C3EF200A90057 /* DeleteAllCitiesView.swift */; };
		151ECCD52A7C3F2400A90057 /* Utils.swift in Sources */ = {isa = PBXBuildFile; fileRef = 151ECCD42A7C3F2400A90057 /* Utils.swift */; };
		151ECCD72A7C3F5200A90057 /* PersistanceController.swift in Sources */ = {isa = PBXBuildFile; fileRef = 151ECCD62A7C3F5200A90057 /* PersistanceController.swift */; };
		158B95E32A7F061D00B86D08 /* CoreDataHandler.swift in Sources */ = {isa = PBXBuildFile; fileRef = 158B95E22A7F061D00B86D08 /* CoreDataHandler.swift */; };
		158B95E52A7F063700B86D08 /* WeatherAPIHandler.swift in Sources */ = {isa = PBXBuildFile; fileRef = 158B95E42A7F063700B86D08 /* WeatherAPIHandler.swift */; };
		15C3FC0B2A793CD500249BC1 /* WeatherAppSwiftUIFSApp.swift in Sources */ = {isa = PBXBuildFile; fileRef = 15C3FC0A2A793CD500249BC1 /* WeatherAppSwiftUIFSApp.swift */; };
		15C3FC0F2A793CD700249BC1 /* Assets.xcassets in Resources */ = {isa = PBXBuildFile; fileRef = 15C3FC0E2A793CD700249BC1 /* Assets.xcassets */; };
		15C3FC122A793CD700249BC1 /* Preview Assets.xcassets in Resources */ = {isa = PBXBuildFile; fileRef = 15C3FC112A793CD700249BC1 /* Preview Assets.xcassets */; };
		15C3FC172A793CD700249BC1 /* WeatherAppSwiftUIFS.xcdatamodeld in Sources */ = {isa = PBXBuildFile; fileRef = 15C3FC152A793CD700249BC1 /* WeatherAppSwiftUIFS.xcdatamodeld */; };
/* End PBXBuildFile section */

/* Begin PBXFileReference section */
		151ECC5B2A7BEAA700A90057 /* Store.swift */ = {isa = PBXFileReference; lastKnownFileType = sourcecode.swift; path = Store.swift; sourceTree = "<group>"; };
		151ECC5D2A7BEAB700A90057 /* Weather.swift */ = {isa = PBXFileReference; lastKnownFileType = sourcecode.swift; path = Weather.swift; sourceTree = "<group>"; };
		151ECCBC2A7C3D8A00A90057 /* AddWeatherViewModel.swift */ = {isa = PBXFileReference; lastKnownFileType = sourcecode.swift; path = AddWeatherViewModel.swift; sourceTree = "<group>"; };
		151ECCBE2A7C3D9600A90057 /* WeatherViewModel.swift */ = {isa = PBXFileReference; lastKnownFileType = sourcecode.swift; path = WeatherViewModel.swift; sourceTree = "<group>"; };
		151ECCC02A7C3DCB00A90057 /* AddCityView.swift */ = {isa = PBXFileReference; lastKnownFileType = sourcecode.swift; path = AddCityView.swift; sourceTree = "<group>"; };
		151ECCC22A7C3DD600A90057 /* WeatherListView.swift */ = {isa = PBXFileReference; lastKnownFileType = sourcecode.swift; path = WeatherListView.swift; sourceTree = "<group>"; };
		151ECCC42A7C3DDD00A90057 /* WeatherCell.swift */ = {isa = PBXFileReference; lastKnownFileType = sourcecode.swift; path = WeatherCell.swift; sourceTree = "<group>"; };
		151ECCC62A7C3E3300A90057 /* Date Extension.swift */ = {isa = PBXFileReference; lastKnownFileType = sourcecode.swift; path = "Date Extension.swift"; sourceTree = "<group>"; };
		151ECCC92A7C3E4800A90057 /* View + Extension.swift */ = {isa = PBXFileReference; lastKnownFileType = sourcecode.swift; path = "View + Extension.swift"; sourceTree = "<group>"; };
		151ECCCB2A7C3E6700A90057 /* Emoji Extension.swift */ = {isa = PBXFileReference; lastKnownFileType = sourcecode.swift; path = "Emoji Extension.swift"; sourceTree = "<group>"; };
		151ECCCD2A7C3E9200A90057 /* String + Extension.swift */ = {isa = PBXFileReference; lastKnownFileType = sourcecode.swift; path = "String + Extension.swift"; sourceTree = "<group>"; };
		151ECCCF2A7C3ECB00A90057 /* WeatherService.swift */ = {isa = PBXFileReference; lastKnownFileType = sourcecode.swift; path = WeatherService.swift; sourceTree = "<group>"; };
		151ECCD12A7C3EF200A90057 /* DeleteAllCitiesView.swift */ = {isa = PBXFileReference; lastKnownFileType = sourcecode.swift; path = DeleteAllCitiesView.swift; sourceTree = "<group>"; };
		151ECCD42A7C3F2400A90057 /* Utils.swift */ = {isa = PBXFileReference; lastKnownFileType = sourcecode.swift; path = Utils.swift; sourceTree = "<group>"; };
		151ECCD62A7C3F5200A90057 /* PersistanceController.swift */ = {isa = PBXFileReference; lastKnownFileType = sourcecode.swift; path = PersistanceController.swift; sourceTree = "<group>"; };
		15494B912A7AB27F00EEF456 /* Info.plist */ = {isa = PBXFileReference; lastKnownFileType = text.plist.xml; path = Info.plist; sourceTree = "<group>"; };
		158B95E22A7F061D00B86D08 /* CoreDataHandler.swift */ = {isa = PBXFileReference; lastKnownFileType = sourcecode.swift; path = CoreDataHandler.swift; sourceTree = "<group>"; };
		158B95E42A7F063700B86D08 /* WeatherAPIHandler.swift */ = {isa = PBXFileReference; lastKnownFileType = sourcecode.swift; path = WeatherAPIHandler.swift; sourceTree = "<group>"; };
		15C3FC072A793CD500249BC1 /* WeatherAppSwiftUIFS.app */ = {isa = PBXFileReference; explicitFileType = wrapper.application; includeInIndex = 0; path = WeatherAppSwiftUIFS.app; sourceTree = BUILT_PRODUCTS_DIR; };
		15C3FC0A2A793CD500249BC1 /* WeatherAppSwiftUIFSApp.swift */ = {isa = PBXFileReference; lastKnownFileType = sourcecode.swift; path = WeatherAppSwiftUIFSApp.swift; sourceTree = "<group>"; };
		15C3FC0E2A793CD700249BC1 /* Assets.xcassets */ = {isa = PBXFileReference; lastKnownFileType = folder.assetcatalog; path = Assets.xcassets; sourceTree = "<group>"; };
		15C3FC112A793CD700249BC1 /* Preview Assets.xcassets */ = {isa = PBXFileReference; lastKnownFileType = folder.assetcatalog; path = "Preview Assets.xcassets"; sourceTree = "<group>"; };
		15C3FC162A793CD700249BC1 /* WeatherAppSwiftUIFS.xcdatamodel */ = {isa = PBXFileReference; lastKnownFileType = wrapper.xcdatamodel; path = WeatherAppSwiftUIFS.xcdatamodel; sourceTree = "<group>"; };
/* End PBXFileReference section */

/* Begin PBXFrameworksBuildPhase section */
		15C3FC042A793CD500249BC1 /* Frameworks */ = {
			isa = PBXFrameworksBuildPhase;
			buildActionMask = 2147483647;
			files = (
			);
			runOnlyForDeploymentPostprocessing = 0;
		};
/* End PBXFrameworksBuildPhase section */

/* Begin PBXGroup section */
		151ECCC82A7C3E3600A90057 /* Extensions */ = {
			isa = PBXGroup;
			children = (
				151ECCC62A7C3E3300A90057 /* Date Extension.swift */,
				151ECCC92A7C3E4800A90057 /* View + Extension.swift */,
				151ECCCB2A7C3E6700A90057 /* Emoji Extension.swift */,
				151ECCCD2A7C3E9200A90057 /* String + Extension.swift */,
			);
			path = Extensions;
			sourceTree = "<group>";
		};
		151ECCD32A7C3F0400A90057 /* API */ = {
			isa = PBXGroup;
			children = (
				151ECCCF2A7C3ECB00A90057 /* WeatherService.swift */,
				158B95E42A7F063700B86D08 /* WeatherAPIHandler.swift */,
			);
			path = API;
			sourceTree = "<group>";
		};
		15494B8B2A7AAB4F00EEF456 /* Views */ = {
			isa = PBXGroup;
			children = (
				151ECCC02A7C3DCB00A90057 /* AddCityView.swift */,
				151ECCC22A7C3DD600A90057 /* WeatherListView.swift */,
				151ECCC42A7C3DDD00A90057 /* WeatherCell.swift */,
			);
			path = Views;
			sourceTree = "<group>";
		};
		15494B8C2A7AAB9F00EEF456 /* Models */ = {
			isa = PBXGroup;
			children = (
				151ECC5B2A7BEAA700A90057 /* Store.swift */,
				151ECC5D2A7BEAB700A90057 /* Weather.swift */,
			);
			path = Models;
			sourceTree = "<group>";
		};
		158BCBBC2A7AE24F0081A0A0 /* Others */ = {
			isa = PBXGroup;
			children = (
				151ECCD12A7C3EF200A90057 /* DeleteAllCitiesView.swift */,
				158B95E22A7F061D00B86D08 /* CoreDataHandler.swift */,
				151ECCD42A7C3F2400A90057 /* Utils.swift */,
			);
			path = Others;
			sourceTree = "<group>";
		};
		158BCBBD2A7AE2BB0081A0A0 /* ViewModels */ = {
			isa = PBXGroup;
			children = (
				151ECCBC2A7C3D8A00A90057 /* AddWeatherViewModel.swift */,
				151ECCBE2A7C3D9600A90057 /* WeatherViewModel.swift */,
			);
			path = ViewModels;
			sourceTree = "<group>";
		};
		15C3FBFE2A793CD500249BC1 = {
			isa = PBXGroup;
			children = (
				15C3FC092A793CD500249BC1 /* WeatherAppSwiftUIFS */,
				15C3FC082A793CD500249BC1 /* Products */,
			);
			sourceTree = "<group>";
		};
		15C3FC082A793CD500249BC1 /* Products */ = {
			isa = PBXGroup;
			children = (
				15C3FC072A793CD500249BC1 /* WeatherAppSwiftUIFS.app */,
			);
			name = Products;
			sourceTree = "<group>";
		};
		15C3FC092A793CD500249BC1 /* WeatherAppSwiftUIFS */ = {
			isa = PBXGroup;
			children = (
				15C3FC0A2A793CD500249BC1 /* WeatherAppSwiftUIFSApp.swift */,
				151ECCD62A7C3F5200A90057 /* PersistanceController.swift */,
				158BCBBD2A7AE2BB0081A0A0 /* ViewModels */,
				15494B8C2A7AAB9F00EEF456 /* Models */,
				15494B8B2A7AAB4F00EEF456 /* Views */,
				151ECCC82A7C3E3600A90057 /* Extensions */,
				151ECCD32A7C3F0400A90057 /* API */,
				158BCBBC2A7AE24F0081A0A0 /* Others */,
				15C3FC152A793CD700249BC1 /* WeatherAppSwiftUIFS.xcdatamodeld */,
				15C3FC0E2A793CD700249BC1 /* Assets.xcassets */,
				15494B912A7AB27F00EEF456 /* Info.plist */,
				15C3FC102A793CD700249BC1 /* Preview Content */,
			);
			path = WeatherAppSwiftUIFS;
			sourceTree = "<group>";
		};
		15C3FC102A793CD700249BC1 /* Preview Content */ = {
			isa = PBXGroup;
			children = (
				15C3FC112A793CD700249BC1 /* Preview Assets.xcassets */,
			);
			path = "Preview Content";
			sourceTree = "<group>";
		};
/* End PBXGroup section */

/* Begin PBXNativeTarget section */
		15C3FC062A793CD500249BC1 /* WeatherAppSwiftUIFS */ = {
			isa = PBXNativeTarget;
			buildConfigurationList = 15C3FC1A2A793CD700249BC1 /* Build configuration list for PBXNativeTarget "WeatherAppSwiftUIFS" */;
			buildPhases = (
				15C3FC032A793CD500249BC1 /* Sources */,
				15C3FC042A793CD500249BC1 /* Frameworks */,
				15C3FC052A793CD500249BC1 /* Resources */,
			);
			buildRules = (
			);
			dependencies = (
			);
			name = WeatherAppSwiftUIFS;
			productName = WeatherAppSwiftUIFS;
			productReference = 15C3FC072A793CD500249BC1 /* WeatherAppSwiftUIFS.app */;
			productType = "com.apple.product-type.application";
		};
/* End PBXNativeTarget section */

/* Begin PBXProject section */
		15C3FBFF2A793CD500249BC1 /* Project object */ = {
			isa = PBXProject;
			attributes = {
				BuildIndependentTargetsInParallel = 1;
				LastSwiftUpdateCheck = 1420;
				LastUpgradeCheck = 1420;
				TargetAttributes = {
					15C3FC062A793CD500249BC1 = {
						CreatedOnToolsVersion = 14.2;
					};
				};
			};
			buildConfigurationList = 15C3FC022A793CD500249BC1 /* Build configuration list for PBXProject "WeatherAppSwiftUIFS" */;
			compatibilityVersion = "Xcode 14.0";
			developmentRegion = en;
			hasScannedForEncodings = 0;
			knownRegions = (
				en,
				Base,
			);
			mainGroup = 15C3FBFE2A793CD500249BC1;
			productRefGroup = 15C3FC082A793CD500249BC1 /* Products */;
			projectDirPath = "";
			projectRoot = "";
			targets = (
				15C3FC062A793CD500249BC1 /* WeatherAppSwiftUIFS */,
			);
		};
/* End PBXProject section */

/* Begin PBXResourcesBuildPhase section */
		15C3FC052A793CD500249BC1 /* Resources */ = {
			isa = PBXResourcesBuildPhase;
			buildActionMask = 2147483647;
			files = (
				15C3FC122A793CD700249BC1 /* Preview Assets.xcassets in Resources */,
				15C3FC0F2A793CD700249BC1 /* Assets.xcassets in Resources */,
			);
			runOnlyForDeploymentPostprocessing = 0;
		};
/* End PBXResourcesBuildPhase section */

/* Begin PBXSourcesBuildPhase section */
		15C3FC032A793CD500249BC1 /* Sources */ = {
			isa = PBXSourcesBuildPhase;
			buildActionMask = 2147483647;
			files = (
				151ECCD72A7C3F5200A90057 /* PersistanceController.swift in Sources */,
				158B95E32A7F061D00B86D08 /* CoreDataHandler.swift in Sources */,
				15C3FC172A793CD700249BC1 /* WeatherAppSwiftUIFS.xcdatamodeld in Sources */,
				151ECCCC2A7C3E6700A90057 /* Emoji Extension.swift in Sources */,
				151ECCBF2A7C3D9600A90057 /* WeatherViewModel.swift in Sources */,
				158B95E52A7F063700B86D08 /* WeatherAPIHandler.swift in Sources */,
				151ECCD22A7C3EF200A90057 /* DeleteAllCitiesView.swift in Sources */,
				151ECCC52A7C3DDD00A90057 /* WeatherCell.swift in Sources */,
				15C3FC0B2A793CD500249BC1 /* WeatherAppSwiftUIFSApp.swift in Sources */,
				151ECCCA2A7C3E4800A90057 /* View + Extension.swift in Sources */,
				151ECCD52A7C3F2400A90057 /* Utils.swift in Sources */,
				151ECCD02A7C3ECB00A90057 /* WeatherService.swift in Sources */,
				151ECC5C2A7BEAA700A90057 /* Store.swift in Sources */,
				151ECC5E2A7BEAB700A90057 /* Weather.swift in Sources */,
				151ECCBD2A7C3D8A00A90057 /* AddWeatherViewModel.swift in Sources */,
				151ECCC12A7C3DCB00A90057 /* AddCityView.swift in Sources */,
				151ECCCE2A7C3E9200A90057 /* String + Extension.swift in Sources */,
				151ECCC72A7C3E3300A90057 /* Date Extension.swift in Sources */,
				151ECCC32A7C3DD600A90057 /* WeatherListView.swift in Sources */,
			);
			runOnlyForDeploymentPostprocessing = 0;
		};
/* End PBXSourcesBuildPhase section */

/* Begin XCBuildConfiguration section */
		15C3FC182A793CD700249BC1 /* Debug */ = {
			isa = XCBuildConfiguration;
			buildSettings = {
				ALWAYS_SEARCH_USER_PATHS = NO;
				CLANG_ANALYZER_NONNULL = YES;
				CLANG_ANALYZER_NUMBER_OBJECT_CONVERSION = YES_AGGRESSIVE;
				CLANG_CXX_LANGUAGE_STANDARD = "gnu++20";
				CLANG_ENABLE_MODULES = YES;
				CLANG_ENABLE_OBJC_ARC = YES;
				CLANG_ENABLE_OBJC_WEAK = YES;
				CLANG_WARN_BLOCK_CAPTURE_AUTORELEASING = YES;
				CLANG_WARN_BOOL_CONVERSION = YES;
				CLANG_WARN_COMMA = YES;
				CLANG_WARN_CONSTANT_CONVERSION = YES;
				CLANG_WARN_DEPRECATED_OBJC_IMPLEMENTATIONS = YES;
				CLANG_WARN_DIRECT_OBJC_ISA_USAGE = YES_ERROR;
				CLANG_WARN_DOCUMENTATION_COMMENTS = YES;
				CLANG_WARN_EMPTY_BODY = YES;
				CLANG_WARN_ENUM_CONVERSION = YES;
				CLANG_WARN_INFINITE_RECURSION = YES;
				CLANG_WARN_INT_CONVERSION = YES;
				CLANG_WARN_NON_LITERAL_NULL_CONVERSION = YES;
				CLANG_WARN_OBJC_IMPLICIT_RETAIN_SELF = YES;
				CLANG_WARN_OBJC_LITERAL_CONVERSION = YES;
				CLANG_WARN_OBJC_ROOT_CLASS = YES_ERROR;
				CLANG_WARN_QUOTED_INCLUDE_IN_FRAMEWORK_HEADER = YES;
				CLANG_WARN_RANGE_LOOP_ANALYSIS = YES;
				CLANG_WARN_STRICT_PROTOTYPES = YES;
				CLANG_WARN_SUSPICIOUS_MOVE = YES;
				CLANG_WARN_UNGUARDED_AVAILABILITY = YES_AGGRESSIVE;
				CLANG_WARN_UNREACHABLE_CODE = YES;
				CLANG_WARN__DUPLICATE_METHOD_MATCH = YES;
				COPY_PHASE_STRIP = NO;
				DEBUG_INFORMATION_FORMAT = dwarf;
				ENABLE_STRICT_OBJC_MSGSEND = YES;
				ENABLE_TESTABILITY = YES;
				GCC_C_LANGUAGE_STANDARD = gnu11;
				GCC_DYNAMIC_NO_PIC = NO;
				GCC_NO_COMMON_BLOCKS = YES;
				GCC_OPTIMIZATION_LEVEL = 0;
				GCC_PREPROCESSOR_DEFINITIONS = (
					"DEBUG=1",
					"$(inherited)",
				);
				GCC_WARN_64_TO_32_BIT_CONVERSION = YES;
				GCC_WARN_ABOUT_RETURN_TYPE = YES_ERROR;
				GCC_WARN_UNDECLARED_SELECTOR = YES;
				GCC_WARN_UNINITIALIZED_AUTOS = YES_AGGRESSIVE;
				GCC_WARN_UNUSED_FUNCTION = YES;
				GCC_WARN_UNUSED_VARIABLE = YES;
				IPHONEOS_DEPLOYMENT_TARGET = 16.2;
				MTL_ENABLE_DEBUG_INFO = INCLUDE_SOURCE;
				MTL_FAST_MATH = YES;
				ONLY_ACTIVE_ARCH = YES;
				SDKROOT = iphoneos;
				SWIFT_ACTIVE_COMPILATION_CONDITIONS = DEBUG;
				SWIFT_OPTIMIZATION_LEVEL = "-Onone";
			};
			name = Debug;
		};
		15C3FC192A793CD700249BC1 /* Release */ = {
			isa = XCBuildConfiguration;
			buildSettings = {
				ALWAYS_SEARCH_USER_PATHS = NO;
				CLANG_ANALYZER_NONNULL = YES;
				CLANG_ANALYZER_NUMBER_OBJECT_CONVERSION = YES_AGGRESSIVE;
				CLANG_CXX_LANGUAGE_STANDARD = "gnu++20";
				CLANG_ENABLE_MODULES = YES;
				CLANG_ENABLE_OBJC_ARC = YES;
				CLANG_ENABLE_OBJC_WEAK = YES;
				CLANG_WARN_BLOCK_CAPTURE_AUTORELEASING = YES;
				CLANG_WARN_BOOL_CONVERSION = YES;
				CLANG_WARN_COMMA = YES;
				CLANG_WARN_CONSTANT_CONVERSION = YES;
				CLANG_WARN_DEPRECATED_OBJC_IMPLEMENTATIONS = YES;
				CLANG_WARN_DIRECT_OBJC_ISA_USAGE = YES_ERROR;
				CLANG_WARN_DOCUMENTATION_COMMENTS = YES;
				CLANG_WARN_EMPTY_BODY = YES;
				CLANG_WARN_ENUM_CONVERSION = YES;
				CLANG_WARN_INFINITE_RECURSION = YES;
				CLANG_WARN_INT_CONVERSION = YES;
				CLANG_WARN_NON_LITERAL_NULL_CONVERSION = YES;
				CLANG_WARN_OBJC_IMPLICIT_RETAIN_SELF = YES;
				CLANG_WARN_OBJC_LITERAL_CONVERSION = YES;
				CLANG_WARN_OBJC_ROOT_CLASS = YES_ERROR;
				CLANG_WARN_QUOTED_INCLUDE_IN_FRAMEWORK_HEADER = YES;
				CLANG_WARN_RANGE_LOOP_ANALYSIS = YES;
				CLANG_WARN_STRICT_PROTOTYPES = YES;
				CLANG_WARN_SUSPICIOUS_MOVE = YES;
				CLANG_WARN_UNGUARDED_AVAILABILITY = YES_AGGRESSIVE;
				CLANG_WARN_UNREACHABLE_CODE = YES;
				CLANG_WARN__DUPLICATE_METHOD_MATCH = YES;
				COPY_PHASE_STRIP = NO;
				DEBUG_INFORMATION_FORMAT = "dwarf-with-dsym";
				ENABLE_NS_ASSERTIONS = NO;
				ENABLE_STRICT_OBJC_MSGSEND = YES;
				GCC_C_LANGUAGE_STANDARD = gnu11;
				GCC_NO_COMMON_BLOCKS = YES;
				GCC_WARN_64_TO_32_BIT_CONVERSION = YES;
				GCC_WARN_ABOUT_RETURN_TYPE = YES_ERROR;
				GCC_WARN_UNDECLARED_SELECTOR = YES;
				GCC_WARN_UNINITIALIZED_AUTOS = YES_AGGRESSIVE;
				GCC_WARN_UNUSED_FUNCTION = YES;
				GCC_WARN_UNUSED_VARIABLE = YES;
				IPHONEOS_DEPLOYMENT_TARGET = 16.2;
				MTL_ENABLE_DEBUG_INFO = NO;
				MTL_FAST_MATH = YES;
				SDKROOT = iphoneos;
				SWIFT_COMPILATION_MODE = wholemodule;
				SWIFT_OPTIMIZATION_LEVEL = "-O";
				VALIDATE_PRODUCT = YES;
			};
			name = Release;
		};
		15C3FC1B2A793CD700249BC1 /* Debug */ = {
			isa = XCBuildConfiguration;
			buildSettings = {
				ASSETCATALOG_COMPILER_APPICON_NAME = AppIcon;
				ASSETCATALOG_COMPILER_GLOBAL_ACCENT_COLOR_NAME = AccentColor;
				CODE_SIGN_STYLE = Automatic;
				CURRENT_PROJECT_VERSION = 1;
				DEVELOPMENT_ASSET_PATHS = "\"WeatherAppSwiftUIFS/Preview Content\"";
				DEVELOPMENT_TEAM = XZA5R9TKBS;
				ENABLE_PREVIEWS = YES;
				GENERATE_INFOPLIST_FILE = YES;
				INFOPLIST_FILE = WeatherAppSwiftUIFS/Info.plist;
				INFOPLIST_KEY_UIApplicationSceneManifest_Generation = YES;
				INFOPLIST_KEY_UIApplicationSupportsIndirectInputEvents = YES;
				INFOPLIST_KEY_UILaunchScreen_Generation = YES;
				INFOPLIST_KEY_UISupportedInterfaceOrientations_iPad = "UIInterfaceOrientationPortrait UIInterfaceOrientationPortraitUpsideDown UIInterfaceOrientationLandscapeLeft UIInterfaceOrientationLandscapeRight";
				INFOPLIST_KEY_UISupportedInterfaceOrientations_iPhone = "UIInterfaceOrientationPortrait UIInterfaceOrientationLandscapeLeft UIInterfaceOrientationLandscapeRight";
				LD_RUNPATH_SEARCH_PATHS = (
					"$(inherited)",
					"@executable_path/Frameworks",
				);
				MARKETING_VERSION = 1.0;
				PRODUCT_BUNDLE_IDENTIFIER = deffsin.WeatherAppSwiftUIFS;
				PRODUCT_NAME = "$(TARGET_NAME)";
				SWIFT_EMIT_LOC_STRINGS = YES;
				SWIFT_VERSION = 5.0;
				TARGETED_DEVICE_FAMILY = "1,2";
			};
			name = Debug;
		};
		15C3FC1C2A793CD700249BC1 /* Release */ = {
			isa = XCBuildConfiguration;
			buildSettings = {
				ASSETCATALOG_COMPILER_APPICON_NAME = AppIcon;
				ASSETCATALOG_COMPILER_GLOBAL_ACCENT_COLOR_NAME = AccentColor;
				CODE_SIGN_STYLE = Automatic;
				CURRENT_PROJECT_VERSION = 1;
				DEVELOPMENT_ASSET_PATHS = "\"WeatherAppSwiftUIFS/Preview Content\"";
				DEVELOPMENT_TEAM = XZA5R9TKBS;
				ENABLE_PREVIEWS = YES;
				GENERATE_INFOPLIST_FILE = YES;
				INFOPLIST_FILE = WeatherAppSwiftUIFS/Info.plist;
				INFOPLIST_KEY_UIApplicationSceneManifest_Generation = YES;
				INFOPLIST_KEY_UIApplicationSupportsIndirectInputEvents = YES;
				INFOPLIST_KEY_UILaunchScreen_Generation = YES;
				INFOPLIST_KEY_UISupportedInterfaceOrientations_iPad = "UIInterfaceOrientationPortrait UIInterfaceOrientationPortraitUpsideDown UIInterfaceOrientationLandscapeLeft UIInterfaceOrientationLandscapeRight";
				INFOPLIST_KEY_UISupportedInterfaceOrientations_iPhone = "UIInterfaceOrientationPortrait UIInterfaceOrientationLandscapeLeft UIInterfaceOrientationLandscapeRight";
				LD_RUNPATH_SEARCH_PATHS = (
					"$(inherited)",
					"@executable_path/Frameworks",
				);
				MARKETING_VERSION = 1.0;
				PRODUCT_BUNDLE_IDENTIFIER = deffsin.WeatherAppSwiftUIFS;
				PRODUCT_NAME = "$(TARGET_NAME)";
				SWIFT_EMIT_LOC_STRINGS = YES;
				SWIFT_VERSION = 5.0;
				TARGETED_DEVICE_FAMILY = "1,2";
			};
			name = Release;
		};
/* End XCBuildConfiguration section */

/* Begin XCConfigurationList section */
		15C3FC022A793CD500249BC1 /* Build configuration list for PBXProject "WeatherAppSwiftUIFS" */ = {
			isa = XCConfigurationList;
			buildConfigurations = (
				15C3FC182A793CD700249BC1 /* Debug */,
				15C3FC192A793CD700249BC1 /* Release */,
			);
			defaultConfigurationIsVisible = 0;
			defaultConfigurationName = Release;
		};
		15C3FC1A2A793CD700249BC1 /* Build configuration list for PBXNativeTarget "WeatherAppSwiftUIFS" */ = {
			isa = XCConfigurationList;
			buildConfigurations = (
				15C3FC1B2A793CD700249BC1 /* Debug */,
				15C3FC1C2A793CD700249BC1 /* Release */,
			);
			defaultConfigurationIsVisible = 0;
			defaultConfigurationName = Release;
		};
/* End XCConfigurationList section */

/* Begin XCVersionGroup section */
		15C3FC152A793CD700249BC1 /* WeatherAppSwiftUIFS.xcdatamodeld */ = {
			isa = XCVersionGroup;
			children = (
				15C3FC162A793CD700249BC1 /* WeatherAppSwiftUIFS.xcdatamodel */,
			);
			currentVersion = 15C3FC162A793CD700249BC1 /* WeatherAppSwiftUIFS.xcdatamodel */;
			path = WeatherAppSwiftUIFS.xcdatamodeld;
			sourceTree = "<group>";
			versionGroupType = wrapper.xcdatamodel;
		};
/* End XCVersionGroup section */
	};
	rootObject = 15C3FBFF2A793CD500249BC1 /* Project object */;
}
